
Microsoft Visual Studio Solution File, Format Version 12.00
# Visual Studio Version 17
VisualStudioVersion = 17.10.35004.147
MinimumVisualStudioVersion = 10.0.40219.1
Project("{FAE04EC0-301F-11D3-BF4B-00C04F79EFBC}") = "Middleware REST API", "Middleware REST API\Middleware REST API.csproj", "{C94B229C-BD22-4AFF-9DFE-871559D7565C}"
EndProject
Global
	GlobalSection(SolutionConfigurationPlatforms) = preSolution
		Debug|Any CPU = Debug|Any CPU
		Release|Any CPU = Release|Any CPU
	EndGlobalSection
	GlobalSection(ProjectConfigurationPlatforms) = postSolution
		{C94B229C-BD22-4AFF-9DFE-871559D7565C}.Debug|Any CPU.ActiveCfg = Debug|Any CPU
		{C94B229C-BD22-4AFF-9DFE-871559D7565C}.Debug|Any CPU.Build.0 = Debug|Any CPU
		{C94B229C-BD22-4AFF-9DFE-871559D7565C}.Release|Any CPU.ActiveCfg = Release|Any CPU
		{C94B229C-BD22-4AFF-9DFE-871559D7565C}.Release|Any CPU.Build.0 = Release|Any CPU
	EndGlobalSection
	GlobalSection(SolutionProperties) = preSolution
		HideSolutionNode = FALSE
	EndGlobalSection
	GlobalSection(ExtensibilityGlobals) = postSolution
		SolutionGuid = {2FAC7E5F-89C8-4D6E-83CB-D2747F65A509}
	EndGlobalSection
EndGlobal
